
Microsoft Visual Studio Solution File, Format Version 12.00
# Visual Studio Version 16
VisualStudioVersion = 16.0.31515.178
MinimumVisualStudioVersion = 10.0.40219.1
Project("{2150E333-8FDC-42A3-9474-1A3956D46DE8}") = "Build", "Build", "{25A1C149-BB57-4A05-B0A7-98BC88264952}"
	ProjectSection(SolutionItems) = preProject
		.editorconfig = .editorconfig
		.gitattributes = .gitattributes
		.gitignore = .gitignore
		global.json = global.json
		License = License
		Readme.md = Readme.md
	EndProjectSection
EndProject
Project("{9A19103F-16F7-4668-BE54-9A1E7A4F7556}") = "MarkdigToc", "src\MarkdigToc.csproj", "{2594889A-F3E8-4067-9E47-E18D183F3F56}"
EndProject
Project("{9A19103F-16F7-4668-BE54-9A1E7A4F7556}") = "Tests", "Tests\Tests.csproj", "{736A15B3-A710-4391-9E20-2189A32A2721}"
EndProject
Global
	GlobalSection(SolutionConfigurationPlatforms) = preSolution
		Debug|Any CPU = Debug|Any CPU
		Release|Any CPU = Release|Any CPU
	EndGlobalSection
	GlobalSection(ProjectConfigurationPlatforms) = postSolution
		{2594889A-F3E8-4067-9E47-E18D183F3F56}.Debug|Any CPU.ActiveCfg = Debug|Any CPU
		{2594889A-F3E8-4067-9E47-E18D183F3F56}.Debug|Any CPU.Build.0 = Debug|Any CPU
		{2594889A-F3E8-4067-9E47-E18D183F3F56}.Release|Any CPU.ActiveCfg = Release|Any CPU
		{2594889A-F3E8-4067-9E47-E18D183F3F56}.Release|Any CPU.Build.0 = Release|Any CPU
		{736A15B3-A710-4391-9E20-2189A32A2721}.Debug|Any CPU.ActiveCfg = Debug|Any CPU
		{736A15B3-A710-4391-9E20-2189A32A2721}.Debug|Any CPU.Build.0 = Debug|Any CPU
		{736A15B3-A710-4391-9E20-2189A32A2721}.Release|Any CPU.ActiveCfg = Release|Any CPU
		{736A15B3-A710-4391-9E20-2189A32A2721}.Release|Any CPU.Build.0 = Release|Any CPU
	EndGlobalSection
	GlobalSection(SolutionProperties) = preSolution
		HideSolutionNode = FALSE
	EndGlobalSection
	GlobalSection(ExtensibilityGlobals) = postSolution
		SolutionGuid = {D84D40C3-DA40-40B7-B17F-F4C441382F39}
	EndGlobalSection
EndGlobal
